
Microsoft Visual Studio Solution File, Format Version 12.00
# Visual Studio 2012
Project("{FAE04EC0-301F-11D3-BF4B-00C04F79EFBC}") = "EasyORM", "EasyORM\EasyORM.csproj", "{88D87240-DD85-4A16-94E7-63FF1BDB22A6}"
EndProject
Project("{FAE04EC0-301F-11D3-BF4B-00C04F79EFBC}") = "EasyORM.Tests", "EasyORM.Tests\EasyORM.Tests.csproj", "{6C1226BA-9C34-497D-84AD-08E6CB10ADF7}"
EndProject
Global
	GlobalSection(SolutionConfigurationPlatforms) = preSolution
		Debug|Any CPU = Debug|Any CPU
		Release|Any CPU = Release|Any CPU
	EndGlobalSection
	GlobalSection(ProjectConfigurationPlatforms) = postSolution
		{88D87240-DD85-4A16-94E7-63FF1BDB22A6}.Debug|Any CPU.ActiveCfg = Debug|Any CPU
		{88D87240-DD85-4A16-94E7-63FF1BDB22A6}.Debug|Any CPU.Build.0 = Debug|Any CPU
		{88D87240-DD85-4A16-94E7-63FF1BDB22A6}.Release|Any CPU.ActiveCfg = Release|Any CPU
		{88D87240-DD85-4A16-94E7-63FF1BDB22A6}.Release|Any CPU.Build.0 = Release|Any CPU
		{6C1226BA-9C34-497D-84AD-08E6CB10ADF7}.Debug|Any CPU.ActiveCfg = Debug|Any CPU
		{6C1226BA-9C34-497D-84AD-08E6CB10ADF7}.Debug|Any CPU.Build.0 = Debug|Any CPU
		{6C1226BA-9C34-497D-84AD-08E6CB10ADF7}.Release|Any CPU.ActiveCfg = Release|Any CPU
		{6C1226BA-9C34-497D-84AD-08E6CB10ADF7}.Release|Any CPU.Build.0 = Release|Any CPU
	EndGlobalSection
	GlobalSection(SolutionProperties) = preSolution
		HideSolutionNode = FALSE
	EndGlobalSection
EndGlobal
